
Microsoft Visual Studio Solution File, Format Version 12.00
# Visual Studio Version 17
VisualStudioVersion = 17.14.36414.22 d17.14
MinimumVisualStudioVersion = 10.0.40219.1
Project("{FAE04EC0-301F-11D3-BF4B-00C04F79EFBC}") = "Layouts.StackLayout", "Layouts.StackLayout\Layouts.StackLayout.csproj", "{B8A96178-947E-4165-AD7C-49694F861386}"
EndProject
Global
	GlobalSection(SolutionConfigurationPlatforms) = preSolution
		Debug|Any CPU = Debug|Any CPU
		Release|Any CPU = Release|Any CPU
	EndGlobalSection
	GlobalSection(ProjectConfigurationPlatforms) = postSolution
		{B8A96178-947E-4165-AD7C-49694F861386}.Debug|Any CPU.ActiveCfg = Debug|Any CPU
		{B8A96178-947E-4165-AD7C-49694F861386}.Debug|Any CPU.Build.0 = Debug|Any CPU
		{B8A96178-947E-4165-AD7C-49694F861386}.Release|Any CPU.ActiveCfg = Release|Any CPU
		{B8A96178-947E-4165-AD7C-49694F861386}.Release|Any CPU.Build.0 = Release|Any CPU
	EndGlobalSection
	GlobalSection(SolutionProperties) = preSolution
		HideSolutionNode = FALSE
	EndGlobalSection
	GlobalSection(ExtensibilityGlobals) = postSolution
		SolutionGuid = {CEF18131-1872-49E2-8BF5-D81C6406B0E0}
	EndGlobalSection
EndGlobal
